# mORMot2 Daily 2026-09-16 landing point (build 2.4.16897).
url = https://github.com/synopse/mORMot2.git
commit = 102fa3d99708d839948eef595d1d02d2e8fdbb45
statics-url = https://github.com/synopse/mORMot2/releases/download/2.4-stable/mormot2static.tgz
statics-sha256 = ae2d8da212c5b4f2778370de7aee965f7fd82eef911da27eeb797d6db06db449
